// !$*UTF8*$!
{
	archiveVersion = 1;
	classes = {
	};
	objectVersion = 46;
	objects = {

/* Begin PBXBuildFile section */
		A702383B1E568CAC0099CA35 /* AppDelegate.swift in Sources */ = {isa = PBXBuildFile; fileRef = A702383A1E568CAC0099CA35 /* AppDelegate.swift */; };
		A702383D1E568CAC0099CA35 /* ExploreController.swift in Sources */ = {isa = PBXBuildFile; fileRef = A702383C1E568CAC0099CA35 /* ExploreController.swift */; };
		A70238401E568CAC0099CA35 /* Main.storyboard in Resources */ = {isa = PBXBuildFile; fileRef = A702383E1E568CAC0099CA35 /* Main.storyboard */; };
		A70238421E568CAC0099CA35 /* Assets.xcassets in Resources */ = {isa = PBXBuildFile; fileRef = A70238411E568CAC0099CA35 /* Assets.xcassets */; };
		A70238451E568CAC0099CA35 /* LaunchScreen.storyboard in Resources */ = {isa = PBXBuildFile; fileRef = A70238431E568CAC0099CA35 /* LaunchScreen.storyboard */; };
		A702384D1E5692AC0099CA35 /* TabBarController.swift in Sources */ = {isa = PBXBuildFile; fileRef = A702384C1E5692AC0099CA35 /* TabBarController.swift */; };
		A70C95851E5740BD0080BB55 /* DropViewController.swift in Sources */ = {isa = PBXBuildFile; fileRef = A70C95841E5740BD0080BB55 /* DropViewController.swift */; };
		A70C95881E574EBB0080BB55 /* ThoughtModel.swift in Sources */ = {isa = PBXBuildFile; fileRef = A70C95861E5741580080BB55 /* ThoughtModel.swift */; };
/* End PBXBuildFile section */

/* Begin PBXFileReference section */
		A70238371E568CAB0099CA35 /* Thought Drop.app */ = {isa = PBXFileReference; explicitFileType = wrapper.application; includeInIndex = 0; path = "Thought Drop.app"; sourceTree = BUILT_PRODUCTS_DIR; };
		A702383A1E568CAC0099CA35 /* AppDelegate.swift */ = {isa = PBXFileReference; lastKnownFileType = sourcecode.swift; path = AppDelegate.swift; sourceTree = "<group>"; };
		A702383C1E568CAC0099CA35 /* ExploreController.swift */ = {isa = PBXFileReference; lastKnownFileType = sourcecode.swift; path = ExploreController.swift; sourceTree = "<group>"; };
		A702383F1E568CAC0099CA35 /* Base */ = {isa = PBXFileReference; lastKnownFileType = file.storyboard; name = Base; path = Base.lproj/Main.storyboard; sourceTree = "<group>"; };
		A70238411E568CAC0099CA35 /* Assets.xcassets */ = {isa = PBXFileReference; lastKnownFileType = folder.assetcatalog; path = Assets.xcassets; sourceTree = "<group>"; };
		A70238441E568CAC0099CA35 /* Base */ = {isa = PBXFileReference; lastKnownFileType = file.storyboard; name = Base; path = Base.lproj/LaunchScreen.storyboard; sourceTree = "<group>"; };
		A70238461E568CAC0099CA35 /* Info.plist */ = {isa = PBXFileReference; lastKnownFileType = text.plist.xml; path = Info.plist; sourceTree = "<group>"; };
		A702384C1E5692AC0099CA35 /* TabBarController.swift */ = {isa = PBXFileReference; fileEncoding = 4; lastKnownFileType = sourcecode.swift; path = TabBarController.swift; sourceTree = "<group>"; };
		A70C95841E5740BD0080BB55 /* DropViewController.swift */ = {isa = PBXFileReference; fileEncoding = 4; lastKnownFileType = sourcecode.swift; path = DropViewController.swift; sourceTree = "<group>"; };
		A70C95861E5741580080BB55 /* ThoughtModel.swift */ = {isa = PBXFileReference; fileEncoding = 4; lastKnownFileType = sourcecode.swift; path = ThoughtModel.swift; sourceTree = "<group>"; };
/* End PBXFileReference section */

/* Begin PBXFrameworksBuildPhase section */
		A70238341E568CAB0099CA35 /* Frameworks */ = {
			isa = PBXFrameworksBuildPhase;
			buildActionMask = 2147483647;
			files = (
			);
			runOnlyForDeploymentPostprocessing = 0;
		};
/* End PBXFrameworksBuildPhase section */

/* Begin PBXGroup section */
		A702382E1E568CAB0099CA35 = {
			isa = PBXGroup;
			children = (
				A70238391E568CAB0099CA35 /* Thought Drop */,
				A70238381E568CAB0099CA35 /* Products */,
			);
			sourceTree = "<group>";
		};
		A70238381E568CAB0099CA35 /* Products */ = {
			isa = PBXGroup;
			children = (
				A70238371E568CAB0099CA35 /* Thought Drop.app */,
			);
			name = Products;
			sourceTree = "<group>";
		};
		A70238391E568CAB0099CA35 /* Thought Drop */ = {
			isa = PBXGroup;
			children = (
				A702383A1E568CAC0099CA35 /* AppDelegate.swift */,
				A75308941E573E7000DDAF55 /* Models */,
				A75308961E573E8500DDAF55 /* Controllers */,
				A702383E1E568CAC0099CA35 /* Main.storyboard */,
				A70238431E568CAC0099CA35 /* LaunchScreen.storyboard */,
				A70238411E568CAC0099CA35 /* Assets.xcassets */,
				A70238461E568CAC0099CA35 /* Info.plist */,
			);
			path = "Thought Drop";
			sourceTree = "<group>";
		};
		A75308941E573E7000DDAF55 /* Models */ = {
			isa = PBXGroup;
			children = (
				A70C95861E5741580080BB55 /* ThoughtModel.swift */,
			);
			name = Models;
			sourceTree = "<group>";
		};
		A75308961E573E8500DDAF55 /* Controllers */ = {
			isa = PBXGroup;
			children = (
				A70C95841E5740BD0080BB55 /* DropViewController.swift */,
				A702383C1E568CAC0099CA35 /* ExploreController.swift */,
				A702384C1E5692AC0099CA35 /* TabBarController.swift */,
			);
			name = Controllers;
			sourceTree = "<group>";
		};
/* End PBXGroup section */

/* Begin PBXNativeTarget section */
		A70238361E568CAB0099CA35 /* Thought Drop */ = {
			isa = PBXNativeTarget;
			buildConfigurationList = A70238491E568CAC0099CA35 /* Build configuration list for PBXNativeTarget "Thought Drop" */;
			buildPhases = (
				A70238331E568CAB0099CA35 /* Sources */,
				A70238341E568CAB0099CA35 /* Frameworks */,
				A70238351E568CAB0099CA35 /* Resources */,
			);
			buildRules = (
			);
			dependencies = (
			);
			name = "Thought Drop";
			productName = "Thought Drop";
			productReference = A70238371E568CAB0099CA35 /* Thought Drop.app */;
			productType = "com.apple.product-type.application";
		};
/* End PBXNativeTarget section */

/* Begin PBXProject section */
		A702382F1E568CAB0099CA35 /* Project object */ = {
			isa = PBXProject;
			attributes = {
				LastSwiftUpdateCheck = 0820;
				LastUpgradeCheck = 0820;
				ORGANIZATIONNAME = "Oliver ";
				TargetAttributes = {
					A70238361E568CAB0099CA35 = {
						CreatedOnToolsVersion = 8.2.1;
						ProvisioningStyle = Automatic;
					};
				};
			};
			buildConfigurationList = A70238321E568CAB0099CA35 /* Build configuration list for PBXProject "Thought Drop" */;
			compatibilityVersion = "Xcode 3.2";
			developmentRegion = English;
			hasScannedForEncodings = 0;
			knownRegions = (
				en,
				Base,
			);
			mainGroup = A702382E1E568CAB0099CA35;
			productRefGroup = A70238381E568CAB0099CA35 /* Products */;
			projectDirPath = "";
			projectRoot = "";
			targets = (
				A70238361E568CAB0099CA35 /* Thought Drop */,
			);
		};
/* End PBXProject section */

/* Begin PBXResourcesBuildPhase section */
		A70238351E568CAB0099CA35 /* Resources */ = {
			isa = PBXResourcesBuildPhase;
			buildActionMask = 2147483647;
			files = (
				A70238451E568CAC0099CA35 /* LaunchScreen.storyboard in Resources */,
				A70238421E568CAC0099CA35 /* Assets.xcassets in Resources */,
				A70238401E568CAC0099CA35 /* Main.storyboard in Resources */,
			);
			runOnlyForDeploymentPostprocessing = 0;
		};
/* End PBXResourcesBuildPhase section */

/* Begin PBXSourcesBuildPhase section */
		A70238331E568CAB0099CA35 /* Sources */ = {
			isa = PBXSourcesBuildPhase;
			buildActionMask = 2147483647;
			files = (
				A702384D1E5692AC0099CA35 /* TabBarController.swift in Sources */,
				A702383D1E568CAC0099CA35 /* ExploreController.swift in Sources */,
				A702383B1E568CAC0099CA35 /* AppDelegate.swift in Sources */,
				A70C95881E574EBB0080BB55 /* ThoughtModel.swift in Sources */,
				A70C95851E5740BD0080BB55 /* DropViewController.swift in Sources */,
			);
			runOnlyForDeploymentPostprocessing = 0;
		};
/* End PBXSourcesBuildPhase section */

/* Begin PBXVariantGroup section */
		A702383E1E568CAC0099CA35 /* Main.storyboard */ = {
			isa = PBXVariantGroup;
			children = (
				A702383F1E568CAC0099CA35 /* Base */,
			);
			name = Main.storyboard;
			sourceTree = "<group>";
		};
		A70238431E568CAC0099CA35 /* LaunchScreen.storyboard */ = {
			isa = PBXVariantGroup;
			children = (
				A70238441E568CAC0099CA35 /* Base */,
			);
			name = LaunchScreen.storyboard;
			sourceTree = "<group>";
		};
/* End PBXVariantGroup section */

/* Begin XCBuildConfiguration section */
		A70238471E568CAC0099CA35 /* Debug */ = {
			isa = XCBuildConfiguration;
			buildSettings = {
				ALWAYS_SEARCH_USER_PATHS = NO;
				CLANG_ANALYZER_NONNULL = YES;
				CLANG_CXX_LANGUAGE_STANDARD = "gnu++0x";
				CLANG_CXX_LIBRARY = "libc++";
				CLANG_ENABLE_MODULES = YES;
				CLANG_ENABLE_OBJC_ARC = YES;
				CLANG_WARN_BOOL_CONVERSION = YES;
				CLANG_WARN_CONSTANT_CONVERSION = YES;
				CLANG_WARN_DIRECT_OBJC_ISA_USAGE = YES_ERROR;
				CLANG_WARN_DOCUMENTATION_COMMENTS = YES;
				CLANG_WARN_EMPTY_BODY = YES;
				CLANG_WARN_ENUM_CONVERSION = YES;
				CLANG_WARN_INFINITE_RECURSION = YES;
				CLANG_WARN_INT_CONVERSION = YES;
				CLANG_WARN_OBJC_ROOT_CLASS = YES_ERROR;
				CLANG_WARN_SUSPICIOUS_MOVE = YES;
				CLANG_WARN_UNREACHABLE_CODE = YES;
				CLANG_WARN__DUPLICATE_METHOD_MATCH = YES;
				"CODE_SIGN_IDENTITY[sdk=iphoneos*]" = "iPhone Developer";
				COPY_PHASE_STRIP = NO;
				DEBUG_INFORMATION_FORMAT = dwarf;
				ENABLE_STRICT_OBJC_MSGSEND = YES;
				ENABLE_TESTABILITY = YES;
				GCC_C_LANGUAGE_STANDARD = gnu99;
				GCC_DYNAMIC_NO_PIC = NO;
				GCC_NO_COMMON_BLOCKS = YES;
				GCC_OPTIMIZATION_LEVEL = 0;
				GCC_PREPROCESSOR_DEFINITIONS = (
					"DEBUG=1",
					"$(inherited)",
				);
				GCC_WARN_64_TO_32_BIT_CONVERSION = YES;
				GCC_WARN_ABOUT_RETURN_TYPE = YES_ERROR;
				GCC_WARN_UNDECLARED_SELECTOR = YES;
				GCC_WARN_UNINITIALIZED_AUTOS = YES_AGGRESSIVE;
				GCC_WARN_UNUSED_FUNCTION = YES;
				GCC_WARN_UNUSED_VARIABLE = YES;
				IPHONEOS_DEPLOYMENT_TARGET = 10.2;
				MTL_ENABLE_DEBUG_INFO = YES;
				ONLY_ACTIVE_ARCH = YES;
				SDKROOT = iphoneos;
				SWIFT_ACTIVE_COMPILATION_CONDITIONS = DEBUG;
				SWIFT_OPTIMIZATION_LEVEL = "-Onone";
				TARGETED_DEVICE_FAMILY = "1,2";
			};
			name = Debug;
		};
		A70238481E568CAC0099CA35 /* Release */ = {
			isa = XCBuildConfiguration;
			buildSettings = {
				ALWAYS_SEARCH_USER_PATHS = NO;
				CLANG_ANALYZER_NONNULL = YES;
				CLANG_CXX_LANGUAGE_STANDARD = "gnu++0x";
				CLANG_CXX_LIBRARY = "libc++";
				CLANG_ENABLE_MODULES = YES;
				CLANG_ENABLE_OBJC_ARC = YES;
				CLANG_WARN_BOOL_CONVERSION = YES;
				CLANG_WARN_CONSTANT_CONVERSION = YES;
				CLANG_WARN_DIRECT_OBJC_ISA_USAGE = YES_ERROR;
				CLANG_WARN_DOCUMENTATION_COMMENTS = YES;
				CLANG_WARN_EMPTY_BODY = YES;
				CLANG_WARN_ENUM_CONVERSION = YES;
				CLANG_WARN_INFINITE_RECURSION = YES;
				CLANG_WARN_INT_CONVERSION = YES;
				CLANG_WARN_OBJC_ROOT_CLASS = YES_ERROR;
				CLANG_WARN_SUSPICIOUS_MOVE = YES;
				CLANG_WARN_UNREACHABLE_CODE = YES;
				CLANG_WARN__DUPLICATE_METHOD_MATCH = YES;
				"CODE_SIGN_IDENTITY[sdk=iphoneos*]" = "iPhone Developer";
				COPY_PHASE_STRIP = NO;
				DEBUG_INFORMATION_FORMAT = "dwarf-with-dsym";
				ENABLE_NS_ASSERTIONS = NO;
				ENABLE_STRICT_OBJC_MSGSEND = YES;
				GCC_C_LANGUAGE_STANDARD = gnu99;
				GCC_NO_COMMON_BLOCKS = YES;
				GCC_WARN_64_TO_32_BIT_CONVERSION = YES;
				GCC_WARN_ABOUT_RETURN_TYPE = YES_ERROR;
				GCC_WARN_UNDECLARED_SELECTOR = YES;
				GCC_WARN_UNINITIALIZED_AUTOS = YES_AGGRESSIVE;
				GCC_WARN_UNUSED_FUNCTION = YES;
				GCC_WARN_UNUSED_VARIABLE = YES;
				IPHONEOS_DEPLOYMENT_TARGET = 10.2;
				MTL_ENABLE_DEBUG_INFO = NO;
				SDKROOT = iphoneos;
				SWIFT_OPTIMIZATION_LEVEL = "-Owholemodule";
				TARGETED_DEVICE_FAMILY = "1,2";
				VALIDATE_PRODUCT = YES;
			};
			name = Release;
		};
		A702384A1E568CAC0099CA35 /* Debug */ = {
			isa = XCBuildConfiguration;
			buildSettings = {
				ASSETCATALOG_COMPILER_APPICON_NAME = AppIcon;
				INFOPLIST_FILE = "Thought Drop/Info.plist";
				LD_RUNPATH_SEARCH_PATHS = "$(inherited) @executable_path/Frameworks";
				PRODUCT_BUNDLE_IDENTIFIER = "com.Oliver.Thought-Drop";
				PRODUCT_NAME = "$(TARGET_NAME)";
				SWIFT_VERSION = 3.0;
			};
			name = Debug;
		};
		A702384B1E568CAC0099CA35 /* Release */ = {
			isa = XCBuildConfiguration;
			buildSettings = {
				ASSETCATALOG_COMPILER_APPICON_NAME = AppIcon;
				INFOPLIST_FILE = "Thought Drop/Info.plist";
				LD_RUNPATH_SEARCH_PATHS = "$(inherited) @executable_path/Frameworks";
				PRODUCT_BUNDLE_IDENTIFIER = "com.Oliver.Thought-Drop";
				PRODUCT_NAME = "$(TARGET_NAME)";
				SWIFT_VERSION = 3.0;
			};
			name = Release;
		};
/* End XCBuildConfiguration section */

/* Begin XCConfigurationList section */
		A70238321E568CAB0099CA35 /* Build configuration list for PBXProject "Thought Drop" */ = {
			isa = XCConfigurationList;
			buildConfigurations = (
				A70238471E568CAC0099CA35 /* Debug */,
				A70238481E568CAC0099CA35 /* Release */,
			);
			defaultConfigurationIsVisible = 0;
			defaultConfigurationName = Release;
		};
		A70238491E568CAC0099CA35 /* Build configuration list for PBXNativeTarget "Thought Drop" */ = {
			isa = XCConfigurationList;
			buildConfigurations = (
				A702384A1E568CAC0099CA35 /* Debug */,
				A702384B1E568CAC0099CA35 /* Release */,
			);
			defaultConfigurationIsVisible = 0;
			defaultConfigurationName = Release;
		};
/* End XCConfigurationList section */
	};
	rootObject = A702382F1E568CAB0099CA35 /* Project object */;
}
